// !$*UTF8*$!
{
	archiveVersion = 1;
	classes = {
	};
	objectVersion = 46;
	objects = {

/* Begin PBXBuildFile section */
		4520ACA81D9517810056E518 /* Bond.framework in Frameworks */ = {isa = PBXBuildFile; fileRef = 4520ACA71D9517810056E518 /* Bond.framework */; };
		45316D271CBA811C002B7126 /* MVVM.h in Headers */ = {isa = PBXBuildFile; fileRef = 45316D261CBA811C002B7126 /* MVVM.h */; settings = {ATTRIBUTES = (Public, ); }; };
		45316D2E1CBA811C002B7126 /* MVVM.framework in Frameworks */ = {isa = PBXBuildFile; fileRef = 45316D231CBA811C002B7126 /* MVVM.framework */; };
		45316D331CBA811C002B7126 /* ViewBindingTests.swift in Sources */ = {isa = PBXBuildFile; fileRef = 45316D321CBA811C002B7126 /* ViewBindingTests.swift */; };
		45316D431CBA845C002B7126 /* TableViewCellSource.swift in Sources */ = {isa = PBXBuildFile; fileRef = 45316D411CBA845C002B7126 /* TableViewCellSource.swift */; };
		45316D441CBA845C002B7126 /* ViewModel.swift in Sources */ = {isa = PBXBuildFile; fileRef = 45316D421CBA845C002B7126 /* ViewModel.swift */; };
		45316D481CBA84D6002B7126 /* View.swift in Sources */ = {isa = PBXBuildFile; fileRef = 45316D471CBA84D6002B7126 /* View.swift */; };
		45316D4A1CBA84F6002B7126 /* View+Binding.swift in Sources */ = {isa = PBXBuildFile; fileRef = 45316D491CBA84F6002B7126 /* View+Binding.swift */; };
		45316D4C1CBA8857002B7126 /* Nimble.framework in Frameworks */ = {isa = PBXBuildFile; fileRef = 45316D4B1CBA8857002B7126 /* Nimble.framework */; };
		45316D4F1CBA8ADE002B7126 /* TableCellSourceTests.swift in Sources */ = {isa = PBXBuildFile; fileRef = 45316D4E1CBA8ADE002B7126 /* TableCellSourceTests.swift */; };
		45316D511CBA8D32002B7126 /* TestNibTableViewCell.xib in Resources */ = {isa = PBXBuildFile; fileRef = 45316D501CBA8D32002B7126 /* TestNibTableViewCell.xib */; };
		45FA9AAD1CD201D7005A23F8 /* ReactiveKit.framework in Frameworks */ = {isa = PBXBuildFile; fileRef = 45FA9AAB1CD201D7005A23F8 /* ReactiveKit.framework */; };
		4810B5741E1E57A8005639B0 /* CollectionViewCellSource.swift in Sources */ = {isa = PBXBuildFile; fileRef = 4810B5731E1E57A8005639B0 /* CollectionViewCellSource.swift */; };
		4810B5761E1E5965005639B0 /* CollectionViewCellSourceTests.swift in Sources */ = {isa = PBXBuildFile; fileRef = 4810B5751E1E5965005639B0 /* CollectionViewCellSourceTests.swift */; };
		4810B5781E1E59D7005639B0 /* TestNibCollectionViewCell.xib in Resources */ = {isa = PBXBuildFile; fileRef = 4810B5771E1E59D7005639B0 /* TestNibCollectionViewCell.xib */; };
/* End PBXBuildFile section */

/* Begin PBXContainerItemProxy section */
		45316D2F1CBA811C002B7126 /* PBXContainerItemProxy */ = {
			isa = PBXContainerItemProxy;
			containerPortal = 45316D1A1CBA811C002B7126 /* Project object */;
			proxyType = 1;
			remoteGlobalIDString = 45316D221CBA811C002B7126;
			remoteInfo = MVVM;
		};
/* End PBXContainerItemProxy section */

/* Begin PBXFileReference section */
		4520ACA71D9517810056E518 /* Bond.framework */ = {isa = PBXFileReference; lastKnownFileType = wrapper.framework; name = Bond.framework; path = Carthage/Build/iOS/Bond.framework; sourceTree = SOURCE_ROOT; };
		45316D231CBA811C002B7126 /* MVVM.framework */ = {isa = PBXFileReference; explicitFileType = wrapper.framework; includeInIndex = 0; path = MVVM.framework; sourceTree = BUILT_PRODUCTS_DIR; };
		45316D261CBA811C002B7126 /* MVVM.h */ = {isa = PBXFileReference; lastKnownFileType = sourcecode.c.h; path = MVVM.h; sourceTree = "<group>"; };
		45316D281CBA811C002B7126 /* Info.plist */ = {isa = PBXFileReference; lastKnownFileType = text.plist.xml; path = Info.plist; sourceTree = "<group>"; };
		45316D2D1CBA811C002B7126 /* MVVMTests.xctest */ = {isa = PBXFileReference; explicitFileType = wrapper.cfbundle; includeInIndex = 0; path = MVVMTests.xctest; sourceTree = BUILT_PRODUCTS_DIR; };
		45316D321CBA811C002B7126 /* ViewBindingTests.swift */ = {isa = PBXFileReference; lastKnownFileType = sourcecode.swift; path = ViewBindingTests.swift; sourceTree = "<group>"; };
		45316D341CBA811C002B7126 /* Info.plist */ = {isa = PBXFileReference; lastKnownFileType = text.plist.xml; path = Info.plist; sourceTree = "<group>"; };
		45316D411CBA845C002B7126 /* TableViewCellSource.swift */ = {isa = PBXFileReference; fileEncoding = 4; lastKnownFileType = sourcecode.swift; path = TableViewCellSource.swift; sourceTree = "<group>"; };
		45316D421CBA845C002B7126 /* ViewModel.swift */ = {isa = PBXFileReference; fileEncoding = 4; lastKnownFileType = sourcecode.swift; path = ViewModel.swift; sourceTree = "<group>"; };
		45316D471CBA84D6002B7126 /* View.swift */ = {isa = PBXFileReference; fileEncoding = 4; lastKnownFileType = sourcecode.swift; path = View.swift; sourceTree = "<group>"; };
		45316D491CBA84F6002B7126 /* View+Binding.swift */ = {isa = PBXFileReference; fileEncoding = 4; lastKnownFileType = sourcecode.swift; path = "View+Binding.swift"; sourceTree = "<group>"; };
		45316D4B1CBA8857002B7126 /* Nimble.framework */ = {isa = PBXFileReference; lastKnownFileType = wrapper.framework; name = Nimble.framework; path = Carthage/Build/iOS/Nimble.framework; sourceTree = SOURCE_ROOT; };
		45316D4E1CBA8ADE002B7126 /* TableCellSourceTests.swift */ = {isa = PBXFileReference; fileEncoding = 4; lastKnownFileType = sourcecode.swift; path = TableCellSourceTests.swift; sourceTree = "<group>"; };
		45316D501CBA8D32002B7126 /* TestNibTableViewCell.xib */ = {isa = PBXFileReference; fileEncoding = 4; lastKnownFileType = file.xib; path = TestNibTableViewCell.xib; sourceTree = "<group>"; };
		45FA9AAB1CD201D7005A23F8 /* ReactiveKit.framework */ = {isa = PBXFileReference; lastKnownFileType = wrapper.framework; name = ReactiveKit.framework; path = Carthage/Build/iOS/ReactiveKit.framework; sourceTree = SOURCE_ROOT; };
		4810B5731E1E57A8005639B0 /* CollectionViewCellSource.swift */ = {isa = PBXFileReference; fileEncoding = 4; lastKnownFileType = sourcecode.swift; path = CollectionViewCellSource.swift; sourceTree = "<group>"; };
		4810B5751E1E5965005639B0 /* CollectionViewCellSourceTests.swift */ = {isa = PBXFileReference; fileEncoding = 4; lastKnownFileType = sourcecode.swift; path = CollectionViewCellSourceTests.swift; sourceTree = "<group>"; };
		4810B5771E1E59D7005639B0 /* TestNibCollectionViewCell.xib */ = {isa = PBXFileReference; fileEncoding = 4; lastKnownFileType = file.xib; path = TestNibCollectionViewCell.xib; sourceTree = "<group>"; };
/* End PBXFileReference section */

/* Begin PBXFrameworksBuildPhase section */
		45316D1F1CBA811C002B7126 /* Frameworks */ = {
			isa = PBXFrameworksBuildPhase;
			buildActionMask = 2147483647;
			files = (
				45FA9AAD1CD201D7005A23F8 /* ReactiveKit.framework in Frameworks */,
				4520ACA81D9517810056E518 /* Bond.framework in Frameworks */,
			);
			runOnlyForDeploymentPostprocessing = 0;
		};
		45316D2A1CBA811C002B7126 /* Frameworks */ = {
			isa = PBXFrameworksBuildPhase;
			buildActionMask = 2147483647;
			files = (
				45316D2E1CBA811C002B7126 /* MVVM.framework in Frameworks */,
				45316D4C1CBA8857002B7126 /* Nimble.framework in Frameworks */,
			);
			runOnlyForDeploymentPostprocessing = 0;
		};
/* End PBXFrameworksBuildPhase section */

/* Begin PBXGroup section */
		45316D191CBA811C002B7126 = {
			isa = PBXGroup;
			children = (
				45316D251CBA811C002B7126 /* MVVM */,
				45316D311CBA811C002B7126 /* MVVMTests */,
				45316D241CBA811C002B7126 /* Products */,
			);
			sourceTree = "<group>";
		};
		45316D241CBA811C002B7126 /* Products */ = {
			isa = PBXGroup;
			children = (
				45316D231CBA811C002B7126 /* MVVM.framework */,
				45316D2D1CBA811C002B7126 /* MVVMTests.xctest */,
			);
			name = Products;
			sourceTree = "<group>";
		};
		45316D251CBA811C002B7126 /* MVVM */ = {
			isa = PBXGroup;
			children = (
				45FA9AAB1CD201D7005A23F8 /* ReactiveKit.framework */,
				4520ACA71D9517810056E518 /* Bond.framework */,
				45316D261CBA811C002B7126 /* MVVM.h */,
				45316D421CBA845C002B7126 /* ViewModel.swift */,
				45316D471CBA84D6002B7126 /* View.swift */,
				45316D491CBA84F6002B7126 /* View+Binding.swift */,
				45316D411CBA845C002B7126 /* TableViewCellSource.swift */,
				4810B5731E1E57A8005639B0 /* CollectionViewCellSource.swift */,
				45316D281CBA811C002B7126 /* Info.plist */,
			);
			path = MVVM;
			sourceTree = "<group>";
		};
		45316D311CBA811C002B7126 /* MVVMTests */ = {
			isa = PBXGroup;
			children = (
				45316D4B1CBA8857002B7126 /* Nimble.framework */,
				45316D321CBA811C002B7126 /* ViewBindingTests.swift */,
				45316D4E1CBA8ADE002B7126 /* TableCellSourceTests.swift */,
				4810B5751E1E5965005639B0 /* CollectionViewCellSourceTests.swift */,
				45316D341CBA811C002B7126 /* Info.plist */,
				45316D501CBA8D32002B7126 /* TestNibTableViewCell.xib */,
				4810B5771E1E59D7005639B0 /* TestNibCollectionViewCell.xib */,
			);
			path = MVVMTests;
			sourceTree = "<group>";
		};
/* End PBXGroup section */

/* Begin PBXHeadersBuildPhase section */
		45316D201CBA811C002B7126 /* Headers */ = {
			isa = PBXHeadersBuildPhase;
			buildActionMask = 2147483647;
			files = (
				45316D271CBA811C002B7126 /* MVVM.h in Headers */,
			);
			runOnlyForDeploymentPostprocessing = 0;
		};
/* End PBXHeadersBuildPhase section */

/* Begin PBXNativeTarget section */
		45316D221CBA811C002B7126 /* MVVM */ = {
			isa = PBXNativeTarget;
			buildConfigurationList = 45316D371CBA811C002B7126 /* Build configuration list for PBXNativeTarget "MVVM" */;
			buildPhases = (
				45316D1E1CBA811C002B7126 /* Sources */,
				45316D1F1CBA811C002B7126 /* Frameworks */,
				45316D201CBA811C002B7126 /* Headers */,
				45316D211CBA811C002B7126 /* Resources */,
			);
			buildRules = (
			);
			dependencies = (
			);
			name = MVVM;
			productName = MVVM;
			productReference = 45316D231CBA811C002B7126 /* MVVM.framework */;
			productType = "com.apple.product-type.framework";
		};
		45316D2C1CBA811C002B7126 /* MVVMTests */ = {
			isa = PBXNativeTarget;
			buildConfigurationList = 45316D3A1CBA811C002B7126 /* Build configuration list for PBXNativeTarget "MVVMTests" */;
			buildPhases = (
				45316D291CBA811C002B7126 /* Sources */,
				45316D2A1CBA811C002B7126 /* Frameworks */,
				45316D2B1CBA811C002B7126 /* Resources */,
			);
			buildRules = (
			);
			dependencies = (
				45316D301CBA811C002B7126 /* PBXTargetDependency */,
			);
			name = MVVMTests;
			productName = MVVMTests;
			productReference = 45316D2D1CBA811C002B7126 /* MVVMTests.xctest */;
			productType = "com.apple.product-type.bundle.unit-test";
		};
/* End PBXNativeTarget section */

/* Begin PBXProject section */
		45316D1A1CBA811C002B7126 /* Project object */ = {
			isa = PBXProject;
			attributes = {
				LastSwiftUpdateCheck = 0730;
				LastUpgradeCheck = 1020;
				ORGANIZATIONNAME = "David Hardiman";
				TargetAttributes = {
					45316D221CBA811C002B7126 = {
						CreatedOnToolsVersion = 7.3;
						LastSwiftMigration = 0800;
					};
					45316D2C1CBA811C002B7126 = {
						CreatedOnToolsVersion = 7.3;
						LastSwiftMigration = 0800;
					};
				};
			};
			buildConfigurationList = 45316D1D1CBA811C002B7126 /* Build configuration list for PBXProject "MVVM" */;
			compatibilityVersion = "Xcode 3.2";
			developmentRegion = English;
			hasScannedForEncodings = 0;
			knownRegions = (
				en,
				Base,
			);
			mainGroup = 45316D191CBA811C002B7126;
			productRefGroup = 45316D241CBA811C002B7126 /* Products */;
			projectDirPath = "";
			projectRoot = "";
			targets = (
				45316D221CBA811C002B7126 /* MVVM */,
				45316D2C1CBA811C002B7126 /* MVVMTests */,
			);
		};
/* End PBXProject section */

/* Begin PBXResourcesBuildPhase section */
		45316D211CBA811C002B7126 /* Resources */ = {
			isa = PBXResourcesBuildPhase;
			buildActionMask = 2147483647;
			files = (
			);
			runOnlyForDeploymentPostprocessing = 0;
		};
		45316D2B1CBA811C002B7126 /* Resources */ = {
			isa = PBXResourcesBuildPhase;
			buildActionMask = 2147483647;
			files = (
				4810B5781E1E59D7005639B0 /* TestNibCollectionViewCell.xib in Resources */,
				45316D511CBA8D32002B7126 /* TestNibTableViewCell.xib in Resources */,
			);
			runOnlyForDeploymentPostprocessing = 0;
		};
/* End PBXResourcesBuildPhase section */

/* Begin PBXSourcesBuildPhase section */
		45316D1E1CBA811C002B7126 /* Sources */ = {
			isa = PBXSourcesBuildPhase;
			buildActionMask = 2147483647;
			files = (
				4810B5741E1E57A8005639B0 /* CollectionViewCellSource.swift in Sources */,
				45316D441CBA845C002B7126 /* ViewModel.swift in Sources */,
				45316D431CBA845C002B7126 /* TableViewCellSource.swift in Sources */,
				45316D4A1CBA84F6002B7126 /* View+Binding.swift in Sources */,
				45316D481CBA84D6002B7126 /* View.swift in Sources */,
			);
			runOnlyForDeploymentPostprocessing = 0;
		};
		45316D291CBA811C002B7126 /* Sources */ = {
			isa = PBXSourcesBuildPhase;
			buildActionMask = 2147483647;
			files = (
				45316D331CBA811C002B7126 /* ViewBindingTests.swift in Sources */,
				4810B5761E1E5965005639B0 /* CollectionViewCellSourceTests.swift in Sources */,
				45316D4F1CBA8ADE002B7126 /* TableCellSourceTests.swift in Sources */,
			);
			runOnlyForDeploymentPostprocessing = 0;
		};
/* End PBXSourcesBuildPhase section */

/* Begin PBXTargetDependency section */
		45316D301CBA811C002B7126 /* PBXTargetDependency */ = {
			isa = PBXTargetDependency;
			target = 45316D221CBA811C002B7126 /* MVVM */;
			targetProxy = 45316D2F1CBA811C002B7126 /* PBXContainerItemProxy */;
		};
/* End PBXTargetDependency section */

/* Begin XCBuildConfiguration section */
		45316D351CBA811C002B7126 /* Debug */ = {
			isa = XCBuildConfiguration;
			buildSettings = {
				ALWAYS_SEARCH_USER_PATHS = NO;
				CLANG_ANALYZER_NONNULL = YES;
				CLANG_CXX_LANGUAGE_STANDARD = "gnu++0x";
				CLANG_CXX_LIBRARY = "libc++";
				CLANG_ENABLE_MODULES = YES;
				CLANG_ENABLE_OBJC_ARC = YES;
				CLANG_WARN_BLOCK_CAPTURE_AUTORELEASING = YES;
				CLANG_WARN_BOOL_CONVERSION = YES;
				CLANG_WARN_COMMA = YES;
				CLANG_WARN_CONSTANT_CONVERSION = YES;
				CLANG_WARN_DEPRECATED_OBJC_IMPLEMENTATIONS = YES;
				CLANG_WARN_DIRECT_OBJC_ISA_USAGE = YES_ERROR;
				CLANG_WARN_EMPTY_BODY = YES;
				CLANG_WARN_ENUM_CONVERSION = YES;
				CLANG_WARN_INFINITE_RECURSION = YES;
				CLANG_WARN_INT_CONVERSION = YES;
				CLANG_WARN_NON_LITERAL_NULL_CONVERSION = YES;
				CLANG_WARN_OBJC_IMPLICIT_RETAIN_SELF = YES;
				CLANG_WARN_OBJC_LITERAL_CONVERSION = YES;
				CLANG_WARN_OBJC_ROOT_CLASS = YES_ERROR;
				CLANG_WARN_RANGE_LOOP_ANALYSIS = YES;
				CLANG_WARN_STRICT_PROTOTYPES = YES;
				CLANG_WARN_SUSPICIOUS_MOVE = YES;
				CLANG_WARN_UNREACHABLE_CODE = YES;
				CLANG_WARN__DUPLICATE_METHOD_MATCH = YES;
				"CODE_SIGN_IDENTITY[sdk=iphoneos*]" = "iPhone Developer";
				COPY_PHASE_STRIP = NO;
				CURRENT_PROJECT_VERSION = 1;
				DEBUG_INFORMATION_FORMAT = dwarf;
				ENABLE_STRICT_OBJC_MSGSEND = YES;
				ENABLE_TESTABILITY = YES;
				GCC_C_LANGUAGE_STANDARD = gnu99;
				GCC_DYNAMIC_NO_PIC = NO;
				GCC_NO_COMMON_BLOCKS = YES;
				GCC_OPTIMIZATION_LEVEL = 0;
				GCC_PREPROCESSOR_DEFINITIONS = (
					"DEBUG=1",
					"$(inherited)",
				);
				GCC_WARN_64_TO_32_BIT_CONVERSION = YES;
				GCC_WARN_ABOUT_RETURN_TYPE = YES_ERROR;
				GCC_WARN_UNDECLARED_SELECTOR = YES;
				GCC_WARN_UNINITIALIZED_AUTOS = YES_AGGRESSIVE;
				GCC_WARN_UNUSED_FUNCTION = YES;
				GCC_WARN_UNUSED_VARIABLE = YES;
				IPHONEOS_DEPLOYMENT_TARGET = 9.3;
				MTL_ENABLE_DEBUG_INFO = YES;
				ONLY_ACTIVE_ARCH = YES;
				SDKROOT = iphoneos;
				SWIFT_OPTIMIZATION_LEVEL = "-Onone";
				SWIFT_VERSION = 5.0;
				TARGETED_DEVICE_FAMILY = "1,2";
				VERSIONING_SYSTEM = "apple-generic";
				VERSION_INFO_PREFIX = "";
			};
			name = Debug;
		};
		45316D361CBA811C002B7126 /* Release */ = {
			isa = XCBuildConfiguration;
			buildSettings = {
				ALWAYS_SEARCH_USER_PATHS = NO;
				CLANG_ANALYZER_NONNULL = YES;
				CLANG_CXX_LANGUAGE_STANDARD = "gnu++0x";
				CLANG_CXX_LIBRARY = "libc++";
				CLANG_ENABLE_MODULES = YES;
				CLANG_ENABLE_OBJC_ARC = YES;
				CLANG_WARN_BLOCK_CAPTURE_AUTORELEASING = YES;
				CLANG_WARN_BOOL_CONVERSION = YES;
				CLANG_WARN_COMMA = YES;
				CLANG_WARN_CONSTANT_CONVERSION = YES;
				CLANG_WARN_DEPRECATED_OBJC_IMPLEMENTATIONS = YES;
				CLANG_WARN_DIRECT_OBJC_ISA_USAGE = YES_ERROR;
				CLANG_WARN_EMPTY_BODY = YES;
				CLANG_WARN_ENUM_CONVERSION = YES;
				CLANG_WARN_INFINITE_RECURSION = YES;
				CLANG_WARN_INT_CONVERSION = YES;
				CLANG_WARN_NON_LITERAL_NULL_CONVERSION = YES;
				CLANG_WARN_OBJC_IMPLICIT_RETAIN_SELF = YES;
				CLANG_WARN_OBJC_LITERAL_CONVERSION = YES;
				CLANG_WARN_OBJC_ROOT_CLASS = YES_ERROR;
				CLANG_WARN_RANGE_LOOP_ANALYSIS = YES;
				CLANG_WARN_STRICT_PROTOTYPES = YES;
				CLANG_WARN_SUSPICIOUS_MOVE = YES;
				CLANG_WARN_UNREACHABLE_CODE = YES;
				CLANG_WARN__DUPLICATE_METHOD_MATCH = YES;
				"CODE_SIGN_IDENTITY[sdk=iphoneos*]" = "iPhone Developer";
				COPY_PHASE_STRIP = NO;
				CURRENT_PROJECT_VERSION = 1;
				DEBUG_INFORMATION_FORMAT = "dwarf-with-dsym";
				ENABLE_NS_ASSERTIONS = NO;
				ENABLE_STRICT_OBJC_MSGSEND = YES;
				GCC_C_LANGUAGE_STANDARD = gnu99;
				GCC_NO_COMMON_BLOCKS = YES;
				GCC_WARN_64_TO_32_BIT_CONVERSION = YES;
				GCC_WARN_ABOUT_RETURN_TYPE = YES_ERROR;
				GCC_WARN_UNDECLARED_SELECTOR = YES;
				GCC_WARN_UNINITIALIZED_AUTOS = YES_AGGRESSIVE;
				GCC_WARN_UNUSED_FUNCTION = YES;
				GCC_WARN_UNUSED_VARIABLE = YES;
				IPHONEOS_DEPLOYMENT_TARGET = 9.3;
				MTL_ENABLE_DEBUG_INFO = NO;
				SDKROOT = iphoneos;
				SWIFT_OPTIMIZATION_LEVEL = "-Owholemodule";
				SWIFT_VERSION = 5.0;
				TARGETED_DEVICE_FAMILY = "1,2";
				VALIDATE_PRODUCT = YES;
				VERSIONING_SYSTEM = "apple-generic";
				VERSION_INFO_PREFIX = "";
			};
			name = Release;
		};
		45316D381CBA811C002B7126 /* Debug */ = {
			isa = XCBuildConfiguration;
			buildSettings = {
				CLANG_ENABLE_MODULES = YES;
				"CODE_SIGN_IDENTITY[sdk=iphoneos*]" = "";
				CURRENT_PROJECT_VERSION = 1.2.0;
				DEFINES_MODULE = YES;
				DYLIB_COMPATIBILITY_VERSION = 1;
				DYLIB_CURRENT_VERSION = 1;
				DYLIB_INSTALL_NAME_BASE = "@rpath";
				FRAMEWORK_SEARCH_PATHS = (
					"$(inherited)",
					"$(PROJECT_DIR)/Carthage/Build/iOS",
				);
				INFOPLIST_FILE = MVVM/Info.plist;
				INSTALL_PATH = "$(LOCAL_LIBRARY_DIR)/Frameworks";
				IPHONEOS_DEPLOYMENT_TARGET = 8.0;
				LD_RUNPATH_SEARCH_PATHS = "$(inherited) @executable_path/Frameworks @loader_path/Frameworks";
				PRODUCT_BUNDLE_IDENTIFIER = me.davidhardiman.MVVM;
				PRODUCT_NAME = "$(TARGET_NAME)";
				SKIP_INSTALL = YES;
				SWIFT_OPTIMIZATION_LEVEL = "-Onone";
				SWIFT_VERSION = 4.2;
			};
			name = Debug;
		};
		45316D391CBA811C002B7126 /* Release */ = {
			isa = XCBuildConfiguration;
			buildSettings = {
				CLANG_ENABLE_MODULES = YES;
				"CODE_SIGN_IDENTITY[sdk=iphoneos*]" = "";
				CURRENT_PROJECT_VERSION = 1.2.0;
				DEFINES_MODULE = YES;
				DYLIB_COMPATIBILITY_VERSION = 1;
				DYLIB_CURRENT_VERSION = 1;
				DYLIB_INSTALL_NAME_BASE = "@rpath";
				FRAMEWORK_SEARCH_PATHS = (
					"$(inherited)",
					"$(PROJECT_DIR)/Carthage/Build/iOS",
				);
				INFOPLIST_FILE = MVVM/Info.plist;
				INSTALL_PATH = "$(LOCAL_LIBRARY_DIR)/Frameworks";
				IPHONEOS_DEPLOYMENT_TARGET = 8.0;
				LD_RUNPATH_SEARCH_PATHS = "$(inherited) @executable_path/Frameworks @loader_path/Frameworks";
				PRODUCT_BUNDLE_IDENTIFIER = me.davidhardiman.MVVM;
				PRODUCT_NAME = "$(TARGET_NAME)";
				SKIP_INSTALL = YES;
				SWIFT_VERSION = 4.2;
			};
			name = Release;
		};
		45316D3B1CBA811C002B7126 /* Debug */ = {
			isa = XCBuildConfiguration;
			buildSettings = {
				FRAMEWORK_SEARCH_PATHS = (
					"$(inherited)",
					"$(PROJECT_DIR)/Carthage/Build/iOS",
				);
				INFOPLIST_FILE = MVVMTests/Info.plist;
				LD_RUNPATH_SEARCH_PATHS = "$(inherited) @executable_path/Frameworks @loader_path/Frameworks $(SRCROOT)/Carthage/Build/iOS";
				PRODUCT_BUNDLE_IDENTIFIER = me.davidhardiman.MVVMTests;
				PRODUCT_NAME = "$(TARGET_NAME)";
				SWIFT_VERSION = 4.2;
			};
			name = Debug;
		};
		45316D3C1CBA811C002B7126 /* Release */ = {
			isa = XCBuildConfiguration;
			buildSettings = {
				FRAMEWORK_SEARCH_PATHS = (
					"$(inherited)",
					"$(PROJECT_DIR)/Carthage/Build/iOS",
				);
				INFOPLIST_FILE = MVVMTests/Info.plist;
				LD_RUNPATH_SEARCH_PATHS = "$(inherited) @executable_path/Frameworks @loader_path/Frameworks $(SRCROOT)/Carthage/Build/iOS";
				PRODUCT_BUNDLE_IDENTIFIER = me.davidhardiman.MVVMTests;
				PRODUCT_NAME = "$(TARGET_NAME)";
				SWIFT_VERSION = 4.2;
			};
			name = Release;
		};
/* End XCBuildConfiguration section */

/* Begin XCConfigurationList section */
		45316D1D1CBA811C002B7126 /* Build configuration list for PBXProject "MVVM" */ = {
			isa = XCConfigurationList;
			buildConfigurations = (
				45316D351CBA811C002B7126 /* Debug */,
				45316D361CBA811C002B7126 /* Release */,
			);
			defaultConfigurationIsVisible = 0;
			defaultConfigurationName = Release;
		};
		45316D371CBA811C002B7126 /* Build configuration list for PBXNativeTarget "MVVM" */ = {
			isa = XCConfigurationList;
			buildConfigurations = (
				45316D381CBA811C002B7126 /* Debug */,
				45316D391CBA811C002B7126 /* Release */,
			);
			defaultConfigurationIsVisible = 0;
			defaultConfigurationName = Release;
		};
		45316D3A1CBA811C002B7126 /* Build configuration list for PBXNativeTarget "MVVMTests" */ = {
			isa = XCConfigurationList;
			buildConfigurations = (
				45316D3B1CBA811C002B7126 /* Debug */,
				45316D3C1CBA811C002B7126 /* Release */,
			);
			defaultConfigurationIsVisible = 0;
			defaultConfigurationName = Release;
		};
/* End XCConfigurationList section */
	};
	rootObject = 45316D1A1CBA811C002B7126 /* Project object */;
}
